
Microsoft Visual Studio Solution File, Format Version 12.00
# Visual Studio Version 16
VisualStudioVersion = 16.0.30804.86
MinimumVisualStudioVersion = 10.0.40219.1
Project("{FAE04EC0-301F-11D3-BF4B-00C04F79EFBC}") = "PmSurveyManager", "PmSurveyManager\PmSurveyManager.csproj", "{053D744D-2CFF-42D9-B2FD-E9C4A70701F4}"
EndProject
Project("{FAE04EC0-301F-11D3-BF4B-00C04F79EFBC}") = "ManagerLib", "ManagerLib\ManagerLib.csproj", "{6E283975-D29B-4145-AEC4-87780FB46AB3}"
EndProject
Project("{FAE04EC0-301F-11D3-BF4B-00C04F79EFBC}") = "PmSurveyUser", "PmSurveyUser\PmSurveyUser.csproj", "{0BF88F35-AA69-4AD4-875F-BF0929ABA499}"
EndProject
Global
	GlobalSection(SolutionConfigurationPlatforms) = preSolution
		Debug|Any CPU = Debug|Any CPU
		Release|Any CPU = Release|Any CPU
	EndGlobalSection
	GlobalSection(ProjectConfigurationPlatforms) = postSolution
		{053D744D-2CFF-42D9-B2FD-E9C4A70701F4}.Debug|Any CPU.ActiveCfg = Debug|Any CPU
		{053D744D-2CFF-42D9-B2FD-E9C4A70701F4}.Debug|Any CPU.Build.0 = Debug|Any CPU
		{053D744D-2CFF-42D9-B2FD-E9C4A70701F4}.Release|Any CPU.ActiveCfg = Release|Any CPU
		{053D744D-2CFF-42D9-B2FD-E9C4A70701F4}.Release|Any CPU.Build.0 = Release|Any CPU
		{6E283975-D29B-4145-AEC4-87780FB46AB3}.Debug|Any CPU.ActiveCfg = Debug|Any CPU
		{6E283975-D29B-4145-AEC4-87780FB46AB3}.Debug|Any CPU.Build.0 = Debug|Any CPU
		{6E283975-D29B-4145-AEC4-87780FB46AB3}.Release|Any CPU.ActiveCfg = Release|Any CPU
		{6E283975-D29B-4145-AEC4-87780FB46AB3}.Release|Any CPU.Build.0 = Release|Any CPU
		{0BF88F35-AA69-4AD4-875F-BF0929ABA499}.Debug|Any CPU.ActiveCfg = Debug|Any CPU
		{0BF88F35-AA69-4AD4-875F-BF0929ABA499}.Debug|Any CPU.Build.0 = Debug|Any CPU
		{0BF88F35-AA69-4AD4-875F-BF0929ABA499}.Release|Any CPU.ActiveCfg = Release|Any CPU
		{0BF88F35-AA69-4AD4-875F-BF0929ABA499}.Release|Any CPU.Build.0 = Release|Any CPU
	EndGlobalSection
	GlobalSection(SolutionProperties) = preSolution
		HideSolutionNode = FALSE
	EndGlobalSection
	GlobalSection(ExtensibilityGlobals) = postSolution
		SolutionGuid = {6814D313-F4A1-4905-9EE2-121867F7F3E5}
	EndGlobalSection
EndGlobal
